
Microsoft Visual Studio Solution File, Format Version 12.00
# Visual Studio Version 17
VisualStudioVersion = 17.0.31903.59
MinimumVisualStudioVersion = 10.0.40219.1
Project("{2150E333-8FDC-42A3-9474-1A3956D46DE8}") = "src", "src", "{827E0CD3-B72D-47B6-A68D-7590B98EB39B}"
EndProject
Project("{FAE04EC0-301F-11D3-BF4B-00C04F79EFBC}") = "EWallet.Domain", "src\EWallet.Domain\EWallet.Domain.csproj", "{E893BB14-D021-4347-909C-E2E79496E119}"
EndProject
Project("{FAE04EC0-301F-11D3-BF4B-00C04F79EFBC}") = "EWallet.Application", "src\EWallet.Application\EWallet.Application.csproj", "{E798B853-2302-4A1D-AC8C-CF950A30793B}"
EndProject
Project("{FAE04EC0-301F-11D3-BF4B-00C04F79EFBC}") = "EWallet.Infrastructure", "src\EWallet.Infrastructure\EWallet.Infrastructure.csproj", "{67A5BE95-FB78-4008-B8C7-CE426A7DF1D2}"
EndProject
Project("{FAE04EC0-301F-11D3-BF4B-00C04F79EFBC}") = "EWallet.API", "src\EWallet.API\EWallet.API.csproj", "{176D5949-3165-432D-BE25-99D089F06B47}"
EndProject
Project("{FAE04EC0-301F-11D3-BF4B-00C04F79EFBC}") = "EWallet.BlazorClient", "src\EWallet.BlazorClient\EWallet.BlazorClient.csproj", "{B88438B8-9DE2-4041-90B0-5C47B74C3C13}"
EndProject
Project("{2150E333-8FDC-42A3-9474-1A3956D46DE8}") = "tests", "tests", "{0AB3BF05-4346-4AA6-1389-037BE0695223}"
EndProject
Project("{2150E333-8FDC-42A3-9474-1A3956D46DE8}") = "EWallet.Domain.Tests", "EWallet.Domain.Tests", "{B92BAEB8-5617-09F8-D2B7-5CA6AEE5C4B7}"
EndProject
Project("{FAE04EC0-301F-11D3-BF4B-00C04F79EFBC}") = "EWallet.Domain.Tests", "tests\EWallet.Domain.Tests\EWallet.Domain.Tests\EWallet.Domain.Tests.csproj", "{5B9DA5B1-ADF8-4365-83CE-3E14B72C8CE4}"
EndProject
Project("{FAE04EC0-301F-11D3-BF4B-00C04F79EFBC}") = "EWallet.Domain", "tests\EWallet.Domain.Tests\EWallet.Domain\EWallet.Domain.csproj", "{726769B7-58F4-4387-9706-BFCF854DF381}"
EndProject
Global
	GlobalSection(SolutionConfigurationPlatforms) = preSolution
		Debug|Any CPU = Debug|Any CPU
		Debug|x64 = Debug|x64
		Debug|x86 = Debug|x86
		Release|Any CPU = Release|Any CPU
		Release|x64 = Release|x64
		Release|x86 = Release|x86
	EndGlobalSection
	GlobalSection(ProjectConfigurationPlatforms) = postSolution
		{E893BB14-D021-4347-909C-E2E79496E119}.Debug|Any CPU.ActiveCfg = Debug|Any CPU
		{E893BB14-D021-4347-909C-E2E79496E119}.Debug|Any CPU.Build.0 = Debug|Any CPU
		{E893BB14-D021-4347-909C-E2E79496E119}.Debug|x64.ActiveCfg = Debug|Any CPU
		{E893BB14-D021-4347-909C-E2E79496E119}.Debug|x64.Build.0 = Debug|Any CPU
		{E893BB14-D021-4347-909C-E2E79496E119}.Debug|x86.ActiveCfg = Debug|Any CPU
		{E893BB14-D021-4347-909C-E2E79496E119}.Debug|x86.Build.0 = Debug|Any CPU
		{E893BB14-D021-4347-909C-E2E79496E119}.Release|Any CPU.ActiveCfg = Release|Any CPU
		{E893BB14-D021-4347-909C-E2E79496E119}.Release|Any CPU.Build.0 = Release|Any CPU
		{E893BB14-D021-4347-909C-E2E79496E119}.Release|x64.ActiveCfg = Release|Any CPU
		{E893BB14-D021-4347-909C-E2E79496E119}.Release|x64.Build.0 = Release|Any CPU
		{E893BB14-D021-4347-909C-E2E79496E119}.Release|x86.ActiveCfg = Release|Any CPU
		{E893BB14-D021-4347-909C-E2E79496E119}.Release|x86.Build.0 = Release|Any CPU
		{E798B853-2302-4A1D-AC8C-CF950A30793B}.Debug|Any CPU.ActiveCfg = Debug|Any CPU
		{E798B853-2302-4A1D-AC8C-CF950A30793B}.Debug|Any CPU.Build.0 = Debug|Any CPU
		{E798B853-2302-4A1D-AC8C-CF950A30793B}.Debug|x64.ActiveCfg = Debug|Any CPU
		{E798B853-2302-4A1D-AC8C-CF950A30793B}.Debug|x64.Build.0 = Debug|Any CPU
		{E798B853-2302-4A1D-AC8C-CF950A30793B}.Debug|x86.ActiveCfg = Debug|Any CPU
		{E798B853-2302-4A1D-AC8C-CF950A30793B}.Debug|x86.Build.0 = Debug|Any CPU
		{E798B853-2302-4A1D-AC8C-CF950A30793B}.Release|Any CPU.ActiveCfg = Release|Any CPU
		{E798B853-2302-4A1D-AC8C-CF950A30793B}.Release|Any CPU.Build.0 = Release|Any CPU
		{E798B853-2302-4A1D-AC8C-CF950A30793B}.Release|x64.ActiveCfg = Release|Any CPU
		{E798B853-2302-4A1D-AC8C-CF950A30793B}.Release|x64.Build.0 = Release|Any CPU
		{E798B853-2302-4A1D-AC8C-CF950A30793B}.Release|x86.ActiveCfg = Release|Any CPU
		{E798B853-2302-4A1D-AC8C-CF950A30793B}.Release|x86.Build.0 = Release|Any CPU
		{67A5BE95-FB78-4008-B8C7-CE426A7DF1D2}.Debug|Any CPU.ActiveCfg = Debug|Any CPU
		{67A5BE95-FB78-4008-B8C7-CE426A7DF1D2}.Debug|Any CPU.Build.0 = Debug|Any CPU
		{67A5BE95-FB78-4008-B8C7-CE426A7DF1D2}.Debug|x64.ActiveCfg = Debug|Any CPU
		{67A5BE95-FB78-4008-B8C7-CE426A7DF1D2}.Debug|x64.Build.0 = Debug|Any CPU
		{67A5BE95-FB78-4008-B8C7-CE426A7DF1D2}.Debug|x86.ActiveCfg = Debug|Any CPU
		{67A5BE95-FB78-4008-B8C7-CE426A7DF1D2}.Debug|x86.Build.0 = Debug|Any CPU
		{67A5BE95-FB78-4008-B8C7-CE426A7DF1D2}.Release|Any CPU.ActiveCfg = Release|Any CPU
		{67A5BE95-FB78-4008-B8C7-CE426A7DF1D2}.Release|Any CPU.Build.0 = Release|Any CPU
		{67A5BE95-FB78-4008-B8C7-CE426A7DF1D2}.Release|x64.ActiveCfg = Release|Any CPU
		{67A5BE95-FB78-4008-B8C7-CE426A7DF1D2}.Release|x64.Build.0 = Release|Any CPU
		{67A5BE95-FB78-4008-B8C7-CE426A7DF1D2}.Release|x86.ActiveCfg = Release|Any CPU
		{67A5BE95-FB78-4008-B8C7-CE426A7DF1D2}.Release|x86.Build.0 = Release|Any CPU
		{176D5949-3165-432D-BE25-99D089F06B47}.Debug|Any CPU.ActiveCfg = Debug|Any CPU
		{176D5949-3165-432D-BE25-99D089F06B47}.Debug|Any CPU.Build.0 = Debug|Any CPU
		{176D5949-3165-432D-BE25-99D089F06B47}.Debug|x64.ActiveCfg = Debug|Any CPU
		{176D5949-3165-432D-BE25-99D089F06B47}.Debug|x64.Build.0 = Debug|Any CPU
		{176D5949-3165-432D-BE25-99D089F06B47}.Debug|x86.ActiveCfg = Debug|Any CPU
		{176D5949-3165-432D-BE25-99D089F06B47}.Debug|x86.Build.0 = Debug|Any CPU
		{176D5949-3165-432D-BE25-99D089F06B47}.Release|Any CPU.ActiveCfg = Release|Any CPU
		{176D5949-3165-432D-BE25-99D089F06B47}.Release|Any CPU.Build.0 = Release|Any CPU
		{176D5949-3165-432D-BE25-99D089F06B47}.Release|x64.ActiveCfg = Release|Any CPU
		{176D5949-3165-432D-BE25-99D089F06B47}.Release|x64.Build.0 = Release|Any CPU
		{176D5949-3165-432D-BE25-99D089F06B47}.Release|x86.ActiveCfg = Release|Any CPU
		{176D5949-3165-432D-BE25-99D089F06B47}.Release|x86.Build.0 = Release|Any CPU
		{B88438B8-9DE2-4041-90B0-5C47B74C3C13}.Debug|Any CPU.ActiveCfg = Debug|Any CPU
		{B88438B8-9DE2-4041-90B0-5C47B74C3C13}.Debug|Any CPU.Build.0 = Debug|Any CPU
		{B88438B8-9DE2-4041-90B0-5C47B74C3C13}.Debug|x64.ActiveCfg = Debug|Any CPU
		{B88438B8-9DE2-4041-90B0-5C47B74C3C13}.Debug|x64.Build.0 = Debug|Any CPU
		{B88438B8-9DE2-4041-90B0-5C47B74C3C13}.Debug|x86.ActiveCfg = Debug|Any CPU
		{B88438B8-9DE2-4041-90B0-5C47B74C3C13}.Debug|x86.Build.0 = Debug|Any CPU
		{B88438B8-9DE2-4041-90B0-5C47B74C3C13}.Release|Any CPU.ActiveCfg = Release|Any CPU
		{B88438B8-9DE2-4041-90B0-5C47B74C3C13}.Release|Any CPU.Build.0 = Release|Any CPU
		{B88438B8-9DE2-4041-90B0-5C47B74C3C13}.Release|x64.ActiveCfg = Release|Any CPU
		{B88438B8-9DE2-4041-90B0-5C47B74C3C13}.Release|x64.Build.0 = Release|Any CPU
		{B88438B8-9DE2-4041-90B0-5C47B74C3C13}.Release|x86.ActiveCfg = Release|Any CPU
		{B88438B8-9DE2-4041-90B0-5C47B74C3C13}.Release|x86.Build.0 = Release|Any CPU
		{5B9DA5B1-ADF8-4365-83CE-3E14B72C8CE4}.Debug|Any CPU.ActiveCfg = Debug|Any CPU
		{5B9DA5B1-ADF8-4365-83CE-3E14B72C8CE4}.Debug|Any CPU.Build.0 = Debug|Any CPU
		{5B9DA5B1-ADF8-4365-83CE-3E14B72C8CE4}.Debug|x64.ActiveCfg = Debug|Any CPU
		{5B9DA5B1-ADF8-4365-83CE-3E14B72C8CE4}.Debug|x64.Build.0 = Debug|Any CPU
		{5B9DA5B1-ADF8-4365-83CE-3E14B72C8CE4}.Debug|x86.ActiveCfg = Debug|Any CPU
		{5B9DA5B1-ADF8-4365-83CE-3E14B72C8CE4}.Debug|x86.Build.0 = Debug|Any CPU
		{5B9DA5B1-ADF8-4365-83CE-3E14B72C8CE4}.Release|Any CPU.ActiveCfg = Release|Any CPU
		{5B9DA5B1-ADF8-4365-83CE-3E14B72C8CE4}.Release|Any CPU.Build.0 = Release|Any CPU
		{5B9DA5B1-ADF8-4365-83CE-3E14B72C8CE4}.Release|x64.ActiveCfg = Release|Any CPU
		{5B9DA5B1-ADF8-4365-83CE-3E14B72C8CE4}.Release|x64.Build.0 = Release|Any CPU
		{5B9DA5B1-ADF8-4365-83CE-3E14B72C8CE4}.Release|x86.ActiveCfg = Release|Any CPU
		{5B9DA5B1-ADF8-4365-83CE-3E14B72C8CE4}.Release|x86.Build.0 = Release|Any CPU
		{726769B7-58F4-4387-9706-BFCF854DF381}.Debug|Any CPU.ActiveCfg = Debug|Any CPU
		{726769B7-58F4-4387-9706-BFCF854DF381}.Debug|Any CPU.Build.0 = Debug|Any CPU
		{726769B7-58F4-4387-9706-BFCF854DF381}.Debug|x64.ActiveCfg = Debug|Any CPU
		{726769B7-58F4-4387-9706-BFCF854DF381}.Debug|x64.Build.0 = Debug|Any CPU
		{726769B7-58F4-4387-9706-BFCF854DF381}.Debug|x86.ActiveCfg = Debug|Any CPU
		{726769B7-58F4-4387-9706-BFCF854DF381}.Debug|x86.Build.0 = Debug|Any CPU
		{726769B7-58F4-4387-9706-BFCF854DF381}.Release|Any CPU.ActiveCfg = Release|Any CPU
		{726769B7-58F4-4387-9706-BFCF854DF381}.Release|Any CPU.Build.0 = Release|Any CPU
		{726769B7-58F4-4387-9706-BFCF854DF381}.Release|x64.ActiveCfg = Release|Any CPU
		{726769B7-58F4-4387-9706-BFCF854DF381}.Release|x64.Build.0 = Release|Any CPU
		{726769B7-58F4-4387-9706-BFCF854DF381}.Release|x86.ActiveCfg = Release|Any CPU
		{726769B7-58F4-4387-9706-BFCF854DF381}.Release|x86.Build.0 = Release|Any CPU
	EndGlobalSection
	GlobalSection(SolutionProperties) = preSolution
		HideSolutionNode = FALSE
	EndGlobalSection
	GlobalSection(NestedProjects) = preSolution
		{E893BB14-D021-4347-909C-E2E79496E119} = {827E0CD3-B72D-47B6-A68D-7590B98EB39B}
		{E798B853-2302-4A1D-AC8C-CF950A30793B} = {827E0CD3-B72D-47B6-A68D-7590B98EB39B}
		{67A5BE95-FB78-4008-B8C7-CE426A7DF1D2} = {827E0CD3-B72D-47B6-A68D-7590B98EB39B}
		{176D5949-3165-432D-BE25-99D089F06B47} = {827E0CD3-B72D-47B6-A68D-7590B98EB39B}
		{B88438B8-9DE2-4041-90B0-5C47B74C3C13} = {827E0CD3-B72D-47B6-A68D-7590B98EB39B}
		{B92BAEB8-5617-09F8-D2B7-5CA6AEE5C4B7} = {0AB3BF05-4346-4AA6-1389-037BE0695223}
		{5B9DA5B1-ADF8-4365-83CE-3E14B72C8CE4} = {B92BAEB8-5617-09F8-D2B7-5CA6AEE5C4B7}
		{726769B7-58F4-4387-9706-BFCF854DF381} = {B92BAEB8-5617-09F8-D2B7-5CA6AEE5C4B7}
	EndGlobalSection
EndGlobal
